
Microsoft Visual Studio Solution File, Format Version 12.00
# Visual Studio Version 17
VisualStudioVersion = 17.14.36301.6 d17.14
MinimumVisualStudioVersion = 10.0.40219.1
Project("{2150E333-8FDC-42A3-9474-1A3956D46DE8}") = "Libraries", "Libraries", "{02EA681E-C7D8-13C7-8484-4AC65E1B71E8}"
EndProject
Project("{FAE04EC0-301F-11D3-BF4B-00C04F79EFBC}") = "DateProvider", "Libraries\DateProvider\DateProvider.csproj", "{DD18887D-2717-44AF-B850-7C8E0F14C498}"
EndProject
Project("{2150E333-8FDC-42A3-9474-1A3956D46DE8}") = "Tests", "Tests", "{ED00AF61-5B47-46AA-836B-18E89F654937}"
EndProject
Project("{FAE04EC0-301F-11D3-BF4B-00C04F79EFBC}") = "DateProvider.Test", "Tests\DateProvider.Test\DateProvider.Test.csproj", "{268636EF-990E-4347-AC57-BD3FAA19B137}"
EndProject
Project("{2150E333-8FDC-42A3-9474-1A3956D46DE8}") = "Interface", "Interface", "{B781E14E-28D6-4B54-82A0-29B73DB975BC}"
EndProject
Project("{FAE04EC0-301F-11D3-BF4B-00C04F79EFBC}") = "DateProviderUI", "Interface\DateProviderUI\DateProviderUI.csproj", "{CC74E3CB-A240-44F4-84F2-2851DCA247F7}"
EndProject
Project("{FAE04EC0-301F-11D3-BF4B-00C04F79EFBC}") = "FireBaseDB", "Libraries\FireBaseDB\FireBaseDB.csproj", "{6B63FBF8-3D58-8C35-C98E-2618671F02B0}"
EndProject
Global
	GlobalSection(SolutionConfigurationPlatforms) = preSolution
		Debug|Any CPU = Debug|Any CPU
		Release|Any CPU = Release|Any CPU
	EndGlobalSection
	GlobalSection(ProjectConfigurationPlatforms) = postSolution
		{DD18887D-2717-44AF-B850-7C8E0F14C498}.Debug|Any CPU.ActiveCfg = Debug|Any CPU
		{DD18887D-2717-44AF-B850-7C8E0F14C498}.Debug|Any CPU.Build.0 = Debug|Any CPU
		{DD18887D-2717-44AF-B850-7C8E0F14C498}.Release|Any CPU.ActiveCfg = Release|Any CPU
		{DD18887D-2717-44AF-B850-7C8E0F14C498}.Release|Any CPU.Build.0 = Release|Any CPU
		{268636EF-990E-4347-AC57-BD3FAA19B137}.Debug|Any CPU.ActiveCfg = Debug|Any CPU
		{268636EF-990E-4347-AC57-BD3FAA19B137}.Debug|Any CPU.Build.0 = Debug|Any CPU
		{268636EF-990E-4347-AC57-BD3FAA19B137}.Release|Any CPU.ActiveCfg = Release|Any CPU
		{268636EF-990E-4347-AC57-BD3FAA19B137}.Release|Any CPU.Build.0 = Release|Any CPU
		{CC74E3CB-A240-44F4-84F2-2851DCA247F7}.Debug|Any CPU.ActiveCfg = Debug|Any CPU
		{CC74E3CB-A240-44F4-84F2-2851DCA247F7}.Debug|Any CPU.Build.0 = Debug|Any CPU
		{CC74E3CB-A240-44F4-84F2-2851DCA247F7}.Release|Any CPU.ActiveCfg = Release|Any CPU
		{CC74E3CB-A240-44F4-84F2-2851DCA247F7}.Release|Any CPU.Build.0 = Release|Any CPU
		{6B63FBF8-3D58-8C35-C98E-2618671F02B0}.Debug|Any CPU.ActiveCfg = Debug|Any CPU
		{6B63FBF8-3D58-8C35-C98E-2618671F02B0}.Debug|Any CPU.Build.0 = Debug|Any CPU
		{6B63FBF8-3D58-8C35-C98E-2618671F02B0}.Release|Any CPU.ActiveCfg = Release|Any CPU
		{6B63FBF8-3D58-8C35-C98E-2618671F02B0}.Release|Any CPU.Build.0 = Release|Any CPU
	EndGlobalSection
	GlobalSection(SolutionProperties) = preSolution
		HideSolutionNode = FALSE
	EndGlobalSection
	GlobalSection(NestedProjects) = preSolution
		{DD18887D-2717-44AF-B850-7C8E0F14C498} = {02EA681E-C7D8-13C7-8484-4AC65E1B71E8}
		{268636EF-990E-4347-AC57-BD3FAA19B137} = {ED00AF61-5B47-46AA-836B-18E89F654937}
		{CC74E3CB-A240-44F4-84F2-2851DCA247F7} = {B781E14E-28D6-4B54-82A0-29B73DB975BC}
		{6B63FBF8-3D58-8C35-C98E-2618671F02B0} = {02EA681E-C7D8-13C7-8484-4AC65E1B71E8}
	EndGlobalSection
	GlobalSection(ExtensibilityGlobals) = postSolution
		SolutionGuid = {E69E408D-534A-4118-AC14-E820D28DFB64}
	EndGlobalSection
EndGlobal
